
Microsoft Visual Studio Solution File, Format Version 12.00
# Visual Studio Version 17
VisualStudioVersion = 17.0.31912.275
MinimumVisualStudioVersion = 10.0.40219.1
Project("{FAE04EC0-301F-11D3-BF4B-00C04F79EFBC}") = "teslos", "teslos\teslos.csproj", "{0B894DAB-46AF-4811-8036-6222846E5AA5}"
EndProject
Global
	GlobalSection(SolutionConfigurationPlatforms) = preSolution
		Debug|Any CPU = Debug|Any CPU
		Release|Any CPU = Release|Any CPU
	EndGlobalSection
	GlobalSection(ProjectConfigurationPlatforms) = postSolution
		{0B894DAB-46AF-4811-8036-6222846E5AA5}.Debug|Any CPU.ActiveCfg = Debug|Any CPU
		{0B894DAB-46AF-4811-8036-6222846E5AA5}.Debug|Any CPU.Build.0 = Debug|Any CPU
		{0B894DAB-46AF-4811-8036-6222846E5AA5}.Release|Any CPU.ActiveCfg = Release|Any CPU
		{0B894DAB-46AF-4811-8036-6222846E5AA5}.Release|Any CPU.Build.0 = Release|Any CPU
	EndGlobalSection
	GlobalSection(SolutionProperties) = preSolution
		HideSolutionNode = FALSE
	EndGlobalSection
	GlobalSection(ExtensibilityGlobals) = postSolution
		SolutionGuid = {FB77A95F-ED4E-48CE-93A3-512B64653342}
	EndGlobalSection
EndGlobal
